
Microsoft Visual Studio Solution File, Format Version 12.00
# Visual Studio Version 17
VisualStudioVersion = 17.1.32407.343
MinimumVisualStudioVersion = 10.0.40219.1
Project("{FAE04EC0-301F-11D3-BF4B-00C04F79EFBC}") = "CarApp.Api", "CarApp\CarApp.Api.csproj", "{F9715A81-DA88-4703-8EFA-C35C73739D36}"
EndProject
Project("{FAE04EC0-301F-11D3-BF4B-00C04F79EFBC}") = "CarApp.BusinessLogic", "CarApp.BusinessLogic\CarApp.BusinessLogic.csproj", "{BD60DCC7-0E09-4056-9BC9-4D7B3834387E}"
EndProject
Project("{FAE04EC0-301F-11D3-BF4B-00C04F79EFBC}") = "CarApp.Common", "CarApp.Common\CarApp.Common.csproj", "{8142E7D4-F590-447A-A03D-A2F065A122C3}"
EndProject
Project("{FAE04EC0-301F-11D3-BF4B-00C04F79EFBC}") = "CarApp.Mapper", "CarApp.Mapper\CarApp.Mapper.csproj", "{E9CC99F3-DEDC-454B-BF9D-A84BF31D7890}"
EndProject
Project("{FAE04EC0-301F-11D3-BF4B-00C04F79EFBC}") = "CarApp.Parser", "CarApp.Parser\CarApp.Parser.csproj", "{9C7089C4-B215-41D7-AFCA-EEF53E1E5CED}"
EndProject
Global
	GlobalSection(SolutionConfigurationPlatforms) = preSolution
		Debug|Any CPU = Debug|Any CPU
		Release|Any CPU = Release|Any CPU
	EndGlobalSection
	GlobalSection(ProjectConfigurationPlatforms) = postSolution
		{F9715A81-DA88-4703-8EFA-C35C73739D36}.Debug|Any CPU.ActiveCfg = Debug|Any CPU
		{F9715A81-DA88-4703-8EFA-C35C73739D36}.Debug|Any CPU.Build.0 = Debug|Any CPU
		{F9715A81-DA88-4703-8EFA-C35C73739D36}.Release|Any CPU.ActiveCfg = Release|Any CPU
		{F9715A81-DA88-4703-8EFA-C35C73739D36}.Release|Any CPU.Build.0 = Release|Any CPU
		{BD60DCC7-0E09-4056-9BC9-4D7B3834387E}.Debug|Any CPU.ActiveCfg = Debug|Any CPU
		{BD60DCC7-0E09-4056-9BC9-4D7B3834387E}.Debug|Any CPU.Build.0 = Debug|Any CPU
		{BD60DCC7-0E09-4056-9BC9-4D7B3834387E}.Release|Any CPU.ActiveCfg = Release|Any CPU
		{BD60DCC7-0E09-4056-9BC9-4D7B3834387E}.Release|Any CPU.Build.0 = Release|Any CPU
		{8142E7D4-F590-447A-A03D-A2F065A122C3}.Debug|Any CPU.ActiveCfg = Debug|Any CPU
		{8142E7D4-F590-447A-A03D-A2F065A122C3}.Debug|Any CPU.Build.0 = Debug|Any CPU
		{8142E7D4-F590-447A-A03D-A2F065A122C3}.Release|Any CPU.ActiveCfg = Release|Any CPU
		{8142E7D4-F590-447A-A03D-A2F065A122C3}.Release|Any CPU.Build.0 = Release|Any CPU
		{E9CC99F3-DEDC-454B-BF9D-A84BF31D7890}.Debug|Any CPU.ActiveCfg = Debug|Any CPU
		{E9CC99F3-DEDC-454B-BF9D-A84BF31D7890}.Debug|Any CPU.Build.0 = Debug|Any CPU
		{E9CC99F3-DEDC-454B-BF9D-A84BF31D7890}.Release|Any CPU.ActiveCfg = Release|Any CPU
		{E9CC99F3-DEDC-454B-BF9D-A84BF31D7890}.Release|Any CPU.Build.0 = Release|Any CPU
		{9C7089C4-B215-41D7-AFCA-EEF53E1E5CED}.Debug|Any CPU.ActiveCfg = Debug|Any CPU
		{9C7089C4-B215-41D7-AFCA-EEF53E1E5CED}.Debug|Any CPU.Build.0 = Debug|Any CPU
		{9C7089C4-B215-41D7-AFCA-EEF53E1E5CED}.Release|Any CPU.ActiveCfg = Release|Any CPU
		{9C7089C4-B215-41D7-AFCA-EEF53E1E5CED}.Release|Any CPU.Build.0 = Release|Any CPU
	EndGlobalSection
	GlobalSection(SolutionProperties) = preSolution
		HideSolutionNode = FALSE
	EndGlobalSection
	GlobalSection(ExtensibilityGlobals) = postSolution
		SolutionGuid = {B083E8F2-8BC5-42CC-AD4F-F18D59812A3E}
	EndGlobalSection
EndGlobal
